// !$*UTF8*$!
{
	archiveVersion = 1;
	classes = {
	};
	objectVersion = 50;
	objects = {

/* Begin PBXBuildFile section */
		C10718882448019D008C9AED /* AppDelegate.swift in Sources */ = {isa = PBXBuildFile; fileRef = C10718872448019D008C9AED /* AppDelegate.swift */; };
		C107188A2448019D008C9AED /* SceneDelegate.swift in Sources */ = {isa = PBXBuildFile; fileRef = C10718892448019D008C9AED /* SceneDelegate.swift */; };
		C107188C2448019D008C9AED /* ContentView.swift in Sources */ = {isa = PBXBuildFile; fileRef = C107188B2448019D008C9AED /* ContentView.swift */; };
		C107188E2448019F008C9AED /* Assets.xcassets in Resources */ = {isa = PBXBuildFile; fileRef = C107188D2448019F008C9AED /* Assets.xcassets */; };
		C10718912448019F008C9AED /* Preview Assets.xcassets in Resources */ = {isa = PBXBuildFile; fileRef = C10718902448019F008C9AED /* Preview Assets.xcassets */; };
		C10718942448019F008C9AED /* LaunchScreen.storyboard in Resources */ = {isa = PBXBuildFile; fileRef = C10718922448019F008C9AED /* LaunchScreen.storyboard */; };
		C107189F244801A0008C9AED /* NotificationTestUITests.swift in Sources */ = {isa = PBXBuildFile; fileRef = C107189E244801A0008C9AED /* NotificationTestUITests.swift */; };
/* End PBXBuildFile section */

/* Begin PBXContainerItemProxy section */
		C107189B2448019F008C9AED /* PBXContainerItemProxy */ = {
			isa = PBXContainerItemProxy;
			containerPortal = C107187C2448019D008C9AED /* Project object */;
			proxyType = 1;
			remoteGlobalIDString = C10718832448019D008C9AED;
			remoteInfo = NotificationTest;
		};
/* End PBXContainerItemProxy section */

/* Begin PBXFileReference section */
		C10718842448019D008C9AED /* NotificationTest.app */ = {isa = PBXFileReference; explicitFileType = wrapper.application; includeInIndex = 0; path = NotificationTest.app; sourceTree = BUILT_PRODUCTS_DIR; };
		C10718872448019D008C9AED /* AppDelegate.swift */ = {isa = PBXFileReference; lastKnownFileType = sourcecode.swift; path = AppDelegate.swift; sourceTree = "<group>"; };
		C10718892448019D008C9AED /* SceneDelegate.swift */ = {isa = PBXFileReference; lastKnownFileType = sourcecode.swift; path = SceneDelegate.swift; sourceTree = "<group>"; };
		C107188B2448019D008C9AED /* ContentView.swift */ = {isa = PBXFileReference; lastKnownFileType = sourcecode.swift; path = ContentView.swift; sourceTree = "<group>"; };
		C107188D2448019F008C9AED /* Assets.xcassets */ = {isa = PBXFileReference; lastKnownFileType = folder.assetcatalog; path = Assets.xcassets; sourceTree = "<group>"; };
		C10718902448019F008C9AED /* Preview Assets.xcassets */ = {isa = PBXFileReference; lastKnownFileType = folder.assetcatalog; path = "Preview Assets.xcassets"; sourceTree = "<group>"; };
		C10718932448019F008C9AED /* Base */ = {isa = PBXFileReference; lastKnownFileType = file.storyboard; name = Base; path = Base.lproj/LaunchScreen.storyboard; sourceTree = "<group>"; };
		C10718952448019F008C9AED /* Info.plist */ = {isa = PBXFileReference; lastKnownFileType = text.plist.xml; path = Info.plist; sourceTree = "<group>"; };
		C107189A2448019F008C9AED /* NotificationTestUITests.xctest */ = {isa = PBXFileReference; explicitFileType = wrapper.cfbundle; includeInIndex = 0; path = NotificationTestUITests.xctest; sourceTree = BUILT_PRODUCTS_DIR; };
		C107189E244801A0008C9AED /* NotificationTestUITests.swift */ = {isa = PBXFileReference; lastKnownFileType = sourcecode.swift; path = NotificationTestUITests.swift; sourceTree = "<group>"; };
		C10718A0244801A0008C9AED /* Info.plist */ = {isa = PBXFileReference; lastKnownFileType = text.plist.xml; path = Info.plist; sourceTree = "<group>"; };
/* End PBXFileReference section */

/* Begin PBXFrameworksBuildPhase section */
		C10718812448019D008C9AED /* Frameworks */ = {
			isa = PBXFrameworksBuildPhase;
			buildActionMask = 2147483647;
			files = (
			);
			runOnlyForDeploymentPostprocessing = 0;
		};
		C10718972448019F008C9AED /* Frameworks */ = {
			isa = PBXFrameworksBuildPhase;
			buildActionMask = 2147483647;
			files = (
			);
			runOnlyForDeploymentPostprocessing = 0;
		};
/* End PBXFrameworksBuildPhase section */

/* Begin PBXGroup section */
		C107187B2448019D008C9AED = {
			isa = PBXGroup;
			children = (
				C10718862448019D008C9AED /* NotificationTest */,
				C107189D2448019F008C9AED /* NotificationTestUITests */,
				C10718852448019D008C9AED /* Products */,
			);
			sourceTree = "<group>";
		};
		C10718852448019D008C9AED /* Products */ = {
			isa = PBXGroup;
			children = (
				C10718842448019D008C9AED /* NotificationTest.app */,
				C107189A2448019F008C9AED /* NotificationTestUITests.xctest */,
			);
			name = Products;
			sourceTree = "<group>";
		};
		C10718862448019D008C9AED /* NotificationTest */ = {
			isa = PBXGroup;
			children = (
				C10718872448019D008C9AED /* AppDelegate.swift */,
				C10718892448019D008C9AED /* SceneDelegate.swift */,
				C107188B2448019D008C9AED /* ContentView.swift */,
				C107188D2448019F008C9AED /* Assets.xcassets */,
				C10718922448019F008C9AED /* LaunchScreen.storyboard */,
				C10718952448019F008C9AED /* Info.plist */,
				C107188F2448019F008C9AED /* Preview Content */,
			);
			path = NotificationTest;
			sourceTree = "<group>";
		};
		C107188F2448019F008C9AED /* Preview Content */ = {
			isa = PBXGroup;
			children = (
				C10718902448019F008C9AED /* Preview Assets.xcassets */,
			);
			path = "Preview Content";
			sourceTree = "<group>";
		};
		C107189D2448019F008C9AED /* NotificationTestUITests */ = {
			isa = PBXGroup;
			children = (
				C107189E244801A0008C9AED /* NotificationTestUITests.swift */,
				C10718A0244801A0008C9AED /* Info.plist */,
			);
			path = NotificationTestUITests;
			sourceTree = "<group>";
		};
/* End PBXGroup section */

/* Begin PBXNativeTarget section */
		C10718832448019D008C9AED /* NotificationTest */ = {
			isa = PBXNativeTarget;
			buildConfigurationList = C10718A3244801A0008C9AED /* Build configuration list for PBXNativeTarget "NotificationTest" */;
			buildPhases = (
				C10718802448019D008C9AED /* Sources */,
				C10718812448019D008C9AED /* Frameworks */,
				C10718822448019D008C9AED /* Resources */,
			);
			buildRules = (
			);
			dependencies = (
			);
			name = NotificationTest;
			productName = NotificationTest;
			productReference = C10718842448019D008C9AED /* NotificationTest.app */;
			productType = "com.apple.product-type.application";
		};
		C10718992448019F008C9AED /* NotificationTestUITests */ = {
			isa = PBXNativeTarget;
			buildConfigurationList = C10718A6244801A0008C9AED /* Build configuration list for PBXNativeTarget "NotificationTestUITests" */;
			buildPhases = (
				C10718962448019F008C9AED /* Sources */,
				C10718972448019F008C9AED /* Frameworks */,
				C10718982448019F008C9AED /* Resources */,
			);
			buildRules = (
			);
			dependencies = (
				C107189C2448019F008C9AED /* PBXTargetDependency */,
			);
			name = NotificationTestUITests;
			productName = NotificationTestUITests;
			productReference = C107189A2448019F008C9AED /* NotificationTestUITests.xctest */;
			productType = "com.apple.product-type.bundle.ui-testing";
		};
/* End PBXNativeTarget section */

/* Begin PBXProject section */
		C107187C2448019D008C9AED /* Project object */ = {
			isa = PBXProject;
			attributes = {
				LastSwiftUpdateCheck = 1140;
				LastUpgradeCheck = 1140;
				ORGANIZATIONNAME = Tidepool;
				TargetAttributes = {
					C10718832448019D008C9AED = {
						CreatedOnToolsVersion = 11.4;
					};
					C10718992448019F008C9AED = {
						CreatedOnToolsVersion = 11.4;
						TestTargetID = C10718832448019D008C9AED;
					};
				};
			};
			buildConfigurationList = C107187F2448019D008C9AED /* Build configuration list for PBXProject "NotificationTest" */;
			compatibilityVersion = "Xcode 9.3";
			developmentRegion = en;
			hasScannedForEncodings = 0;
			knownRegions = (
				en,
				Base,
			);
			mainGroup = C107187B2448019D008C9AED;
			productRefGroup = C10718852448019D008C9AED /* Products */;
			projectDirPath = "";
			projectRoot = "";
			targets = (
				C10718832448019D008C9AED /* NotificationTest */,
				C10718992448019F008C9AED /* NotificationTestUITests */,
			);
		};
/* End PBXProject section */

/* Begin PBXResourcesBuildPhase section */
		C10718822448019D008C9AED /* Resources */ = {
			isa = PBXResourcesBuildPhase;
			buildActionMask = 2147483647;
			files = (
				C10718942448019F008C9AED /* LaunchScreen.storyboard in Resources */,
				C10718912448019F008C9AED /* Preview Assets.xcassets in Resources */,
				C107188E2448019F008C9AED /* Assets.xcassets in Resources */,
			);
			runOnlyForDeploymentPostprocessing = 0;
		};
		C10718982448019F008C9AED /* Resources */ = {
			isa = PBXResourcesBuildPhase;
			buildActionMask = 2147483647;
			files = (
			);
			runOnlyForDeploymentPostprocessing = 0;
		};
/* End PBXResourcesBuildPhase section */

/* Begin PBXSourcesBuildPhase section */
		C10718802448019D008C9AED /* Sources */ = {
			isa = PBXSourcesBuildPhase;
			buildActionMask = 2147483647;
			files = (
				C10718882448019D008C9AED /* AppDelegate.swift in Sources */,
				C107188A2448019D008C9AED /* SceneDelegate.swift in Sources */,
				C107188C2448019D008C9AED /* ContentView.swift in Sources */,
			);
			runOnlyForDeploymentPostprocessing = 0;
		};
		C10718962448019F008C9AED /* Sources */ = {
			isa = PBXSourcesBuildPhase;
			buildActionMask = 2147483647;
			files = (
				C107189F244801A0008C9AED /* NotificationTestUITests.swift in Sources */,
			);
			runOnlyForDeploymentPostprocessing = 0;
		};
/* End PBXSourcesBuildPhase section */

/* Begin PBXTargetDependency section */
		C107189C2448019F008C9AED /* PBXTargetDependency */ = {
			isa = PBXTargetDependency;
			target = C10718832448019D008C9AED /* NotificationTest */;
			targetProxy = C107189B2448019F008C9AED /* PBXContainerItemProxy */;
		};
/* End PBXTargetDependency section */

/* Begin PBXVariantGroup section */
		C10718922448019F008C9AED /* LaunchScreen.storyboard */ = {
			isa = PBXVariantGroup;
			children = (
				C10718932448019F008C9AED /* Base */,
			);
			name = LaunchScreen.storyboard;
			sourceTree = "<group>";
		};
/* End PBXVariantGroup section */

/* Begin XCBuildConfiguration section */
		C10718A1244801A0008C9AED /* Debug */ = {
			isa = XCBuildConfiguration;
			buildSettings = {
				ALWAYS_SEARCH_USER_PATHS = NO;
				CLANG_ANALYZER_NONNULL = YES;
				CLANG_ANALYZER_NUMBER_OBJECT_CONVERSION = YES_AGGRESSIVE;
				CLANG_CXX_LANGUAGE_STANDARD = "gnu++14";
				CLANG_CXX_LIBRARY = "libc++";
				CLANG_ENABLE_MODULES = YES;
				CLANG_ENABLE_OBJC_ARC = YES;
				CLANG_ENABLE_OBJC_WEAK = YES;
				CLANG_WARN_BLOCK_CAPTURE_AUTORELEASING = YES;
				CLANG_WARN_BOOL_CONVERSION = YES;
				CLANG_WARN_COMMA = YES;
				CLANG_WARN_CONSTANT_CONVERSION = YES;
				CLANG_WARN_DEPRECATED_OBJC_IMPLEMENTATIONS = YES;
				CLANG_WARN_DIRECT_OBJC_ISA_USAGE = YES_ERROR;
				CLANG_WARN_DOCUMENTATION_COMMENTS = YES;
				CLANG_WARN_EMPTY_BODY = YES;
				CLANG_WARN_ENUM_CONVERSION = YES;
				CLANG_WARN_INFINITE_RECURSION = YES;
				CLANG_WARN_INT_CONVERSION = YES;
				CLANG_WARN_NON_LITERAL_NULL_CONVERSION = YES;
				CLANG_WARN_OBJC_IMPLICIT_RETAIN_SELF = YES;
				CLANG_WARN_OBJC_LITERAL_CONVERSION = YES;
				CLANG_WARN_OBJC_ROOT_CLASS = YES_ERROR;
				CLANG_WARN_RANGE_LOOP_ANALYSIS = YES;
				CLANG_WARN_STRICT_PROTOTYPES = YES;
				CLANG_WARN_SUSPICIOUS_MOVE = YES;
				CLANG_WARN_UNGUARDED_AVAILABILITY = YES_AGGRESSIVE;
				CLANG_WARN_UNREACHABLE_CODE = YES;
				CLANG_WARN__DUPLICATE_METHOD_MATCH = YES;
				COPY_PHASE_STRIP = NO;
				DEBUG_INFORMATION_FORMAT = dwarf;
				ENABLE_STRICT_OBJC_MSGSEND = YES;
				ENABLE_TESTABILITY = YES;
				GCC_C_LANGUAGE_STANDARD = gnu11;
				GCC_DYNAMIC_NO_PIC = NO;
				GCC_NO_COMMON_BLOCKS = YES;
				GCC_OPTIMIZATION_LEVEL = 0;
				GCC_PREPROCESSOR_DEFINITIONS = (
					"DEBUG=1",
					"$(inherited)",
				);
				GCC_WARN_64_TO_32_BIT_CONVERSION = YES;
				GCC_WARN_ABOUT_RETURN_TYPE = YES_ERROR;
				GCC_WARN_UNDECLARED_SELECTOR = YES;
				GCC_WARN_UNINITIALIZED_AUTOS = YES_AGGRESSIVE;
				GCC_WARN_UNUSED_FUNCTION = YES;
				GCC_WARN_UNUSED_VARIABLE = YES;
				IPHONEOS_DEPLOYMENT_TARGET = 13.4;
				MTL_ENABLE_DEBUG_INFO = INCLUDE_SOURCE;
				MTL_FAST_MATH = YES;
				ONLY_ACTIVE_ARCH = YES;
				SDKROOT = iphoneos;
				SWIFT_ACTIVE_COMPILATION_CONDITIONS = DEBUG;
				SWIFT_OPTIMIZATION_LEVEL = "-Onone";
			};
			name = Debug;
		};
		C10718A2244801A0008C9AED /* Release */ = {
			isa = XCBuildConfiguration;
			buildSettings = {
				ALWAYS_SEARCH_USER_PATHS = NO;
				CLANG_ANALYZER_NONNULL = YES;
				CLANG_ANALYZER_NUMBER_OBJECT_CONVERSION = YES_AGGRESSIVE;
				CLANG_CXX_LANGUAGE_STANDARD = "gnu++14";
				CLANG_CXX_LIBRARY = "libc++";
				CLANG_ENABLE_MODULES = YES;
				CLANG_ENABLE_OBJC_ARC = YES;
				CLANG_ENABLE_OBJC_WEAK = YES;
				CLANG_WARN_BLOCK_CAPTURE_AUTORELEASING = YES;
				CLANG_WARN_BOOL_CONVERSION = YES;
				CLANG_WARN_COMMA = YES;
				CLANG_WARN_CONSTANT_CONVERSION = YES;
				CLANG_WARN_DEPRECATED_OBJC_IMPLEMENTATIONS = YES;
				CLANG_WARN_DIRECT_OBJC_ISA_USAGE = YES_ERROR;
				CLANG_WARN_DOCUMENTATION_COMMENTS = YES;
				CLANG_WARN_EMPTY_BODY = YES;
				CLANG_WARN_ENUM_CONVERSION = YES;
				CLANG_WARN_INFINITE_RECURSION = YES;
				CLANG_WARN_INT_CONVERSION = YES;
				CLANG_WARN_NON_LITERAL_NULL_CONVERSION = YES;
				CLANG_WARN_OBJC_IMPLICIT_RETAIN_SELF = YES;
				CLANG_WARN_OBJC_LITERAL_CONVERSION = YES;
				CLANG_WARN_OBJC_ROOT_CLASS = YES_ERROR;
				CLANG_WARN_RANGE_LOOP_ANALYSIS = YES;
				CLANG_WARN_STRICT_PROTOTYPES = YES;
				CLANG_WARN_SUSPICIOUS_MOVE = YES;
				CLANG_WARN_UNGUARDED_AVAILABILITY = YES_AGGRESSIVE;
				CLANG_WARN_UNREACHABLE_CODE = YES;
				CLANG_WARN__DUPLICATE_METHOD_MATCH = YES;
				COPY_PHASE_STRIP = NO;
				DEBUG_INFORMATION_FORMAT = "dwarf-with-dsym";
				ENABLE_NS_ASSERTIONS = NO;
				ENABLE_STRICT_OBJC_MSGSEND = YES;
				GCC_C_LANGUAGE_STANDARD = gnu11;
				GCC_NO_COMMON_BLOCKS = YES;
				GCC_WARN_64_TO_32_BIT_CONVERSION = YES;
				GCC_WARN_ABOUT_RETURN_TYPE = YES_ERROR;
				GCC_WARN_UNDECLARED_SELECTOR = YES;
				GCC_WARN_UNINITIALIZED_AUTOS = YES_AGGRESSIVE;
				GCC_WARN_UNUSED_FUNCTION = YES;
				GCC_WARN_UNUSED_VARIABLE = YES;
				IPHONEOS_DEPLOYMENT_TARGET = 13.4;
				MTL_ENABLE_DEBUG_INFO = NO;
				MTL_FAST_MATH = YES;
				SDKROOT = iphoneos;
				SWIFT_COMPILATION_MODE = wholemodule;
				SWIFT_OPTIMIZATION_LEVEL = "-O";
				VALIDATE_PRODUCT = YES;
			};
			name = Release;
		};
		C10718A4244801A0008C9AED /* Debug */ = {
			isa = XCBuildConfiguration;
			buildSettings = {
				ASSETCATALOG_COMPILER_APPICON_NAME = AppIcon;
				CODE_SIGN_STYLE = Automatic;
				DEVELOPMENT_ASSET_PATHS = "\"NotificationTest/Preview Content\"";
				DEVELOPMENT_TEAM = UY678SP37Q;
				ENABLE_PREVIEWS = YES;
				INFOPLIST_FILE = NotificationTest/Info.plist;
				LD_RUNPATH_SEARCH_PATHS = (
					"$(inherited)",
					"@executable_path/Frameworks",
				);
				PRODUCT_BUNDLE_IDENTIFIER = org.tidepool.NotificationTest;
				PRODUCT_NAME = "$(TARGET_NAME)";
				SWIFT_VERSION = 5.0;
				TARGETED_DEVICE_FAMILY = "1,2";
			};
			name = Debug;
		};
		C10718A5244801A0008C9AED /* Release */ = {
			isa = XCBuildConfiguration;
			buildSettings = {
				ASSETCATALOG_COMPILER_APPICON_NAME = AppIcon;
				CODE_SIGN_STYLE = Automatic;
				DEVELOPMENT_ASSET_PATHS = "\"NotificationTest/Preview Content\"";
				DEVELOPMENT_TEAM = UY678SP37Q;
				ENABLE_PREVIEWS = YES;
				INFOPLIST_FILE = NotificationTest/Info.plist;
				LD_RUNPATH_SEARCH_PATHS = (
					"$(inherited)",
					"@executable_path/Frameworks",
				);
				PRODUCT_BUNDLE_IDENTIFIER = org.tidepool.NotificationTest;
				PRODUCT_NAME = "$(TARGET_NAME)";
				SWIFT_VERSION = 5.0;
				TARGETED_DEVICE_FAMILY = "1,2";
			};
			name = Release;
		};
		C10718A7244801A0008C9AED /* Debug */ = {
			isa = XCBuildConfiguration;
			buildSettings = {
				ALWAYS_EMBED_SWIFT_STANDARD_LIBRARIES = YES;
				CODE_SIGN_STYLE = Automatic;
				DEVELOPMENT_TEAM = UY678SP37Q;
				INFOPLIST_FILE = NotificationTestUITests/Info.plist;
				LD_RUNPATH_SEARCH_PATHS = (
					"$(inherited)",
					"@executable_path/Frameworks",
					"@loader_path/Frameworks",
				);
				PRODUCT_BUNDLE_IDENTIFIER = org.tidepool.NotificationTestUITests;
				PRODUCT_NAME = "$(TARGET_NAME)";
				SWIFT_VERSION = 5.0;
				TARGETED_DEVICE_FAMILY = "1,2";
				TEST_TARGET_NAME = NotificationTest;
			};
			name = Debug;
		};
		C10718A8244801A0008C9AED /* Release */ = {
			isa = XCBuildConfiguration;
			buildSettings = {
				ALWAYS_EMBED_SWIFT_STANDARD_LIBRARIES = YES;
				CODE_SIGN_STYLE = Automatic;
				DEVELOPMENT_TEAM = UY678SP37Q;
				INFOPLIST_FILE = NotificationTestUITests/Info.plist;
				LD_RUNPATH_SEARCH_PATHS = (
					"$(inherited)",
					"@executable_path/Frameworks",
					"@loader_path/Frameworks",
				);
				PRODUCT_BUNDLE_IDENTIFIER = org.tidepool.NotificationTestUITests;
				PRODUCT_NAME = "$(TARGET_NAME)";
				SWIFT_VERSION = 5.0;
				TARGETED_DEVICE_FAMILY = "1,2";
				TEST_TARGET_NAME = NotificationTest;
			};
			name = Release;
		};
/* End XCBuildConfiguration section */

/* Begin XCConfigurationList section */
		C107187F2448019D008C9AED /* Build configuration list for PBXProject "NotificationTest" */ = {
			isa = XCConfigurationList;
			buildConfigurations = (
				C10718A1244801A0008C9AED /* Debug */,
				C10718A2244801A0008C9AED /* Release */,
			);
			defaultConfigurationIsVisible = 0;
			defaultConfigurationName = Release;
		};
		C10718A3244801A0008C9AED /* Build configuration list for PBXNativeTarget "NotificationTest" */ = {
			isa = XCConfigurationList;
			buildConfigurations = (
				C10718A4244801A0008C9AED /* Debug */,
				C10718A5244801A0008C9AED /* Release */,
			);
			defaultConfigurationIsVisible = 0;
			defaultConfigurationName = Release;
		};
		C10718A6244801A0008C9AED /* Build configuration list for PBXNativeTarget "NotificationTestUITests" */ = {
			isa = XCConfigurationList;
			buildConfigurations = (
				C10718A7244801A0008C9AED /* Debug */,
				C10718A8244801A0008C9AED /* Release */,
			);
			defaultConfigurationIsVisible = 0;
			defaultConfigurationName = Release;
		};
/* End XCConfigurationList section */
	};
	rootObject = C107187C2448019D008C9AED /* Project object */;
}
